
Microsoft Visual Studio Solution File, Format Version 12.00
# Visual Studio 14
VisualStudioVersion = 14.0.25123.0
MinimumVisualStudioVersion = 10.0.40219.1
Project("{2150E333-8FDC-42A3-9474-1A3956D46DE8}") = "src", "src", "{B0C590E9-7892-483F-91EA-4C1AB3152232}"
EndProject
Project("{2150E333-8FDC-42A3-9474-1A3956D46DE8}") = "Solution Items", "Solution Items", "{E38AE0E3-7522-4A65-A5C1-AADFDFDD8F5D}"
	ProjectSection(SolutionItems) = preProject
		global.json = global.json
	EndProjectSection
EndProject
Project("{8BB2217D-0F2D-49D1-97BC-3654ED321F3B}") = "AngularReference", "src\AngularReference\AngularReference.xproj", "{B7EFA669-3F76-40E9-9368-C0DF015DEB3B}"
EndProject
Global
	GlobalSection(SolutionConfigurationPlatforms) = preSolution
		Debug|Any CPU = Debug|Any CPU
		Release|Any CPU = Release|Any CPU
	EndGlobalSection
	GlobalSection(ProjectConfigurationPlatforms) = postSolution
		{B7EFA669-3F76-40E9-9368-C0DF015DEB3B}.Debug|Any CPU.ActiveCfg = Debug|Any CPU
		{B7EFA669-3F76-40E9-9368-C0DF015DEB3B}.Debug|Any CPU.Build.0 = Debug|Any CPU
		{B7EFA669-3F76-40E9-9368-C0DF015DEB3B}.Release|Any CPU.ActiveCfg = Release|Any CPU
		{B7EFA669-3F76-40E9-9368-C0DF015DEB3B}.Release|Any CPU.Build.0 = Release|Any CPU
	EndGlobalSection
	GlobalSection(SolutionProperties) = preSolution
		HideSolutionNode = FALSE
	EndGlobalSection
	GlobalSection(NestedProjects) = preSolution
		{B7EFA669-3F76-40E9-9368-C0DF015DEB3B} = {B0C590E9-7892-483F-91EA-4C1AB3152232}
	EndGlobalSection
EndGlobal
